
Microsoft Visual Studio Solution File, Format Version 12.00
# Visual Studio 15
VisualStudioVersion = 15.0.27004.2002
MinimumVisualStudioVersion = 10.0.40219.1
Project("{FAE04EC0-301F-11D3-BF4B-00C04F79EFBC}") = "JTrouve", "JTrouve\JTrouve\JTrouve.csproj", "{0CC2C90C-A4A7-46DF-AFE7-38ADE3934EA0}"
EndProject
Project("{FAE04EC0-301F-11D3-BF4B-00C04F79EFBC}") = "JTrouve.Droid", "JTrouve\JTrouve.Droid\JTrouve.Droid.csproj", "{F7E0FB23-1872-4EB6-B48F-92CEFF4E2E8B}"
EndProject
Project("{FAE04EC0-301F-11D3-BF4B-00C04F79EFBC}") = "JTrouve.iOS", "JTrouve\JTrouve.iOS\JTrouve.iOS.csproj", "{DEFA2E30-A55F-4A2B-BF14-AF03558F7700}"
EndProject
Global
	GlobalSection(SolutionConfigurationPlatforms) = preSolution
		Ad-Hoc|Any CPU = Ad-Hoc|Any CPU
		Ad-Hoc|iPhone = Ad-Hoc|iPhone
		Ad-Hoc|iPhoneSimulator = Ad-Hoc|iPhoneSimulator
		AppStore|Any CPU = AppStore|Any CPU
		AppStore|iPhone = AppStore|iPhone
		AppStore|iPhoneSimulator = AppStore|iPhoneSimulator
		Debug|Any CPU = Debug|Any CPU
		Debug|iPhone = Debug|iPhone
		Debug|iPhoneSimulator = Debug|iPhoneSimulator
		Release|Any CPU = Release|Any CPU
		Release|iPhone = Release|iPhone
		Release|iPhoneSimulator = Release|iPhoneSimulator
	EndGlobalSection
	GlobalSection(ProjectConfigurationPlatforms) = postSolution
		{0CC2C90C-A4A7-46DF-AFE7-38ADE3934EA0}.Ad-Hoc|Any CPU.ActiveCfg = Release|Any CPU
		{0CC2C90C-A4A7-46DF-AFE7-38ADE3934EA0}.Ad-Hoc|Any CPU.Build.0 = Release|Any CPU
		{0CC2C90C-A4A7-46DF-AFE7-38ADE3934EA0}.Ad-Hoc|iPhone.ActiveCfg = Release|Any CPU
		{0CC2C90C-A4A7-46DF-AFE7-38ADE3934EA0}.Ad-Hoc|iPhone.Build.0 = Release|Any CPU
		{0CC2C90C-A4A7-46DF-AFE7-38ADE3934EA0}.Ad-Hoc|iPhoneSimulator.ActiveCfg = Release|Any CPU
		{0CC2C90C-A4A7-46DF-AFE7-38ADE3934EA0}.Ad-Hoc|iPhoneSimulator.Build.0 = Release|Any CPU
		{0CC2C90C-A4A7-46DF-AFE7-38ADE3934EA0}.AppStore|Any CPU.ActiveCfg = Release|Any CPU
		{0CC2C90C-A4A7-46DF-AFE7-38ADE3934EA0}.AppStore|Any CPU.Build.0 = Release|Any CPU
		{0CC2C90C-A4A7-46DF-AFE7-38ADE3934EA0}.AppStore|iPhone.ActiveCfg = Release|Any CPU
		{0CC2C90C-A4A7-46DF-AFE7-38ADE3934EA0}.AppStore|iPhone.Build.0 = Release|Any CPU
		{0CC2C90C-A4A7-46DF-AFE7-38ADE3934EA0}.AppStore|iPhoneSimulator.ActiveCfg = Release|Any CPU
		{0CC2C90C-A4A7-46DF-AFE7-38ADE3934EA0}.AppStore|iPhoneSimulator.Build.0 = Release|Any CPU
		{0CC2C90C-A4A7-46DF-AFE7-38ADE3934EA0}.Debug|Any CPU.ActiveCfg = Debug|Any CPU
		{0CC2C90C-A4A7-46DF-AFE7-38ADE3934EA0}.Debug|Any CPU.Build.0 = Debug|Any CPU
		{0CC2C90C-A4A7-46DF-AFE7-38ADE3934EA0}.Debug|iPhone.ActiveCfg = Debug|Any CPU
		{0CC2C90C-A4A7-46DF-AFE7-38ADE3934EA0}.Debug|iPhone.Build.0 = Debug|Any CPU
		{0CC2C90C-A4A7-46DF-AFE7-38ADE3934EA0}.Debug|iPhoneSimulator.ActiveCfg = Debug|Any CPU
		{0CC2C90C-A4A7-46DF-AFE7-38ADE3934EA0}.Debug|iPhoneSimulator.Build.0 = Debug|Any CPU
		{0CC2C90C-A4A7-46DF-AFE7-38ADE3934EA0}.Release|Any CPU.ActiveCfg = Release|Any CPU
		{0CC2C90C-A4A7-46DF-AFE7-38ADE3934EA0}.Release|Any CPU.Build.0 = Release|Any CPU
		{0CC2C90C-A4A7-46DF-AFE7-38ADE3934EA0}.Release|iPhone.ActiveCfg = Release|Any CPU
		{0CC2C90C-A4A7-46DF-AFE7-38ADE3934EA0}.Release|iPhone.Build.0 = Release|Any CPU
		{0CC2C90C-A4A7-46DF-AFE7-38ADE3934EA0}.Release|iPhoneSimulator.ActiveCfg = Release|Any CPU
		{0CC2C90C-A4A7-46DF-AFE7-38ADE3934EA0}.Release|iPhoneSimulator.Build.0 = Release|Any CPU
		{F7E0FB23-1872-4EB6-B48F-92CEFF4E2E8B}.Ad-Hoc|Any CPU.ActiveCfg = Release|Any CPU
		{F7E0FB23-1872-4EB6-B48F-92CEFF4E2E8B}.Ad-Hoc|Any CPU.Build.0 = Release|Any CPU
		{F7E0FB23-1872-4EB6-B48F-92CEFF4E2E8B}.Ad-Hoc|Any CPU.Deploy.0 = Release|Any CPU
		{F7E0FB23-1872-4EB6-B48F-92CEFF4E2E8B}.Ad-Hoc|iPhone.ActiveCfg = Release|Any CPU
		{F7E0FB23-1872-4EB6-B48F-92CEFF4E2E8B}.Ad-Hoc|iPhone.Build.0 = Release|Any CPU
		{F7E0FB23-1872-4EB6-B48F-92CEFF4E2E8B}.Ad-Hoc|iPhone.Deploy.0 = Release|Any CPU
		{F7E0FB23-1872-4EB6-B48F-92CEFF4E2E8B}.Ad-Hoc|iPhoneSimulator.ActiveCfg = Release|Any CPU
		{F7E0FB23-1872-4EB6-B48F-92CEFF4E2E8B}.Ad-Hoc|iPhoneSimulator.Build.0 = Release|Any CPU
		{F7E0FB23-1872-4EB6-B48F-92CEFF4E2E8B}.Ad-Hoc|iPhoneSimulator.Deploy.0 = Release|Any CPU
		{F7E0FB23-1872-4EB6-B48F-92CEFF4E2E8B}.AppStore|Any CPU.ActiveCfg = Release|Any CPU
		{F7E0FB23-1872-4EB6-B48F-92CEFF4E2E8B}.AppStore|Any CPU.Build.0 = Release|Any CPU
		{F7E0FB23-1872-4EB6-B48F-92CEFF4E2E8B}.AppStore|Any CPU.Deploy.0 = Release|Any CPU
		{F7E0FB23-1872-4EB6-B48F-92CEFF4E2E8B}.AppStore|iPhone.ActiveCfg = Release|Any CPU
		{F7E0FB23-1872-4EB6-B48F-92CEFF4E2E8B}.AppStore|iPhone.Build.0 = Release|Any CPU
		{F7E0FB23-1872-4EB6-B48F-92CEFF4E2E8B}.AppStore|iPhone.Deploy.0 = Release|Any CPU
		{F7E0FB23-1872-4EB6-B48F-92CEFF4E2E8B}.AppStore|iPhoneSimulator.ActiveCfg = Release|Any CPU
		{F7E0FB23-1872-4EB6-B48F-92CEFF4E2E8B}.AppStore|iPhoneSimulator.Build.0 = Release|Any CPU
		{F7E0FB23-1872-4EB6-B48F-92CEFF4E2E8B}.AppStore|iPhoneSimulator.Deploy.0 = Release|Any CPU
		{F7E0FB23-1872-4EB6-B48F-92CEFF4E2E8B}.Debug|Any CPU.ActiveCfg = Debug|Any CPU
		{F7E0FB23-1872-4EB6-B48F-92CEFF4E2E8B}.Debug|Any CPU.Build.0 = Debug|Any CPU
		{F7E0FB23-1872-4EB6-B48F-92CEFF4E2E8B}.Debug|Any CPU.Deploy.0 = Debug|Any CPU
		{F7E0FB23-1872-4EB6-B48F-92CEFF4E2E8B}.Debug|iPhone.ActiveCfg = Debug|Any CPU
		{F7E0FB23-1872-4EB6-B48F-92CEFF4E2E8B}.Debug|iPhone.Build.0 = Debug|Any CPU
		{F7E0FB23-1872-4EB6-B48F-92CEFF4E2E8B}.Debug|iPhone.Deploy.0 = Debug|Any CPU
		{F7E0FB23-1872-4EB6-B48F-92CEFF4E2E8B}.Debug|iPhoneSimulator.ActiveCfg = Debug|Any CPU
		{F7E0FB23-1872-4EB6-B48F-92CEFF4E2E8B}.Debug|iPhoneSimulator.Build.0 = Debug|Any CPU
		{F7E0FB23-1872-4EB6-B48F-92CEFF4E2E8B}.Debug|iPhoneSimulator.Deploy.0 = Debug|Any CPU
		{F7E0FB23-1872-4EB6-B48F-92CEFF4E2E8B}.Release|Any CPU.ActiveCfg = Release|Any CPU
		{F7E0FB23-1872-4EB6-B48F-92CEFF4E2E8B}.Release|Any CPU.Build.0 = Release|Any CPU
		{F7E0FB23-1872-4EB6-B48F-92CEFF4E2E8B}.Release|Any CPU.Deploy.0 = Release|Any CPU
		{F7E0FB23-1872-4EB6-B48F-92CEFF4E2E8B}.Release|iPhone.ActiveCfg = Release|Any CPU
		{F7E0FB23-1872-4EB6-B48F-92CEFF4E2E8B}.Release|iPhone.Build.0 = Release|Any CPU
		{F7E0FB23-1872-4EB6-B48F-92CEFF4E2E8B}.Release|iPhone.Deploy.0 = Release|Any CPU
		{F7E0FB23-1872-4EB6-B48F-92CEFF4E2E8B}.Release|iPhoneSimulator.ActiveCfg = Release|Any CPU
		{F7E0FB23-1872-4EB6-B48F-92CEFF4E2E8B}.Release|iPhoneSimulator.Build.0 = Release|Any CPU
		{F7E0FB23-1872-4EB6-B48F-92CEFF4E2E8B}.Release|iPhoneSimulator.Deploy.0 = Release|Any CPU
		{DEFA2E30-A55F-4A2B-BF14-AF03558F7700}.Ad-Hoc|Any CPU.ActiveCfg = Ad-Hoc|iPhone
		{DEFA2E30-A55F-4A2B-BF14-AF03558F7700}.Ad-Hoc|iPhone.ActiveCfg = Ad-Hoc|iPhone
		{DEFA2E30-A55F-4A2B-BF14-AF03558F7700}.Ad-Hoc|iPhone.Build.0 = Ad-Hoc|iPhone
		{DEFA2E30-A55F-4A2B-BF14-AF03558F7700}.Ad-Hoc|iPhoneSimulator.ActiveCfg = Ad-Hoc|iPhoneSimulator
		{DEFA2E30-A55F-4A2B-BF14-AF03558F7700}.Ad-Hoc|iPhoneSimulator.Build.0 = Ad-Hoc|iPhoneSimulator
		{DEFA2E30-A55F-4A2B-BF14-AF03558F7700}.AppStore|Any CPU.ActiveCfg = AppStore|iPhone
		{DEFA2E30-A55F-4A2B-BF14-AF03558F7700}.AppStore|iPhone.ActiveCfg = AppStore|iPhone
		{DEFA2E30-A55F-4A2B-BF14-AF03558F7700}.AppStore|iPhone.Build.0 = AppStore|iPhone
		{DEFA2E30-A55F-4A2B-BF14-AF03558F7700}.AppStore|iPhoneSimulator.ActiveCfg = AppStore|iPhoneSimulator
		{DEFA2E30-A55F-4A2B-BF14-AF03558F7700}.AppStore|iPhoneSimulator.Build.0 = AppStore|iPhoneSimulator
		{DEFA2E30-A55F-4A2B-BF14-AF03558F7700}.Debug|Any CPU.ActiveCfg = Debug|iPhone
		{DEFA2E30-A55F-4A2B-BF14-AF03558F7700}.Debug|iPhone.ActiveCfg = Debug|iPhone
		{DEFA2E30-A55F-4A2B-BF14-AF03558F7700}.Debug|iPhone.Build.0 = Debug|iPhone
		{DEFA2E30-A55F-4A2B-BF14-AF03558F7700}.Debug|iPhoneSimulator.ActiveCfg = Debug|iPhoneSimulator
		{DEFA2E30-A55F-4A2B-BF14-AF03558F7700}.Debug|iPhoneSimulator.Build.0 = Debug|iPhoneSimulator
		{DEFA2E30-A55F-4A2B-BF14-AF03558F7700}.Release|Any CPU.ActiveCfg = Release|iPhone
		{DEFA2E30-A55F-4A2B-BF14-AF03558F7700}.Release|iPhone.ActiveCfg = Release|iPhone
		{DEFA2E30-A55F-4A2B-BF14-AF03558F7700}.Release|iPhone.Build.0 = Release|iPhone
		{DEFA2E30-A55F-4A2B-BF14-AF03558F7700}.Release|iPhoneSimulator.ActiveCfg = Release|iPhoneSimulator
		{DEFA2E30-A55F-4A2B-BF14-AF03558F7700}.Release|iPhoneSimulator.Build.0 = Release|iPhoneSimulator
	EndGlobalSection
	GlobalSection(SolutionProperties) = preSolution
		HideSolutionNode = FALSE
	EndGlobalSection
	GlobalSection(ExtensibilityGlobals) = postSolution
		SolutionGuid = {025B7080-E8A4-458E-9BAE-006B311CC6FD}
	EndGlobalSection
EndGlobal
